// !$*UTF8*$!
{
	archiveVersion = 1;
	classes = {
	};
	objectVersion = 46;
	objects = {

/* Begin PBXBuildFile section */
		256FE55A18697A7D00631069 /* libsqlite3.0.dylib in Frameworks */ = {isa = PBXBuildFile; fileRef = 256FE55918697A7D00631069 /* libsqlite3.0.dylib */; };
		25791D56185ADB9F00A10918 /* Foundation.framework in Frameworks */ = {isa = PBXBuildFile; fileRef = 25791D55185ADB9F00A10918 /* Foundation.framework */; };
		25791D58185ADB9F00A10918 /* CoreGraphics.framework in Frameworks */ = {isa = PBXBuildFile; fileRef = 25791D57185ADB9F00A10918 /* CoreGraphics.framework */; };
		25791D5A185ADB9F00A10918 /* UIKit.framework in Frameworks */ = {isa = PBXBuildFile; fileRef = 25791D59185ADB9F00A10918 /* UIKit.framework */; };
		25791D60185ADB9F00A10918 /* InfoPlist.strings in Resources */ = {isa = PBXBuildFile; fileRef = 25791D5E185ADB9F00A10918 /* InfoPlist.strings */; };
		25791D62185ADB9F00A10918 /* main.m in Sources */ = {isa = PBXBuildFile; fileRef = 25791D61185ADB9F00A10918 /* main.m */; };
		25791D66185ADB9F00A10918 /* BWAppDelegate.m in Sources */ = {isa = PBXBuildFile; fileRef = 25791D65185ADB9F00A10918 /* BWAppDelegate.m */; };
		25791D68185ADB9F00A10918 /* Images.xcassets in Resources */ = {isa = PBXBuildFile; fileRef = 25791D67185ADB9F00A10918 /* Images.xcassets */; };
		25791D6F185ADB9F00A10918 /* XCTest.framework in Frameworks */ = {isa = PBXBuildFile; fileRef = 25791D6E185ADB9F00A10918 /* XCTest.framework */; };
		25791D70185ADB9F00A10918 /* Foundation.framework in Frameworks */ = {isa = PBXBuildFile; fileRef = 25791D55185ADB9F00A10918 /* Foundation.framework */; };
		25791D71185ADB9F00A10918 /* UIKit.framework in Frameworks */ = {isa = PBXBuildFile; fileRef = 25791D59185ADB9F00A10918 /* UIKit.framework */; };
		25791D79185ADB9F00A10918 /* InfoPlist.strings in Resources */ = {isa = PBXBuildFile; fileRef = 25791D77185ADB9F00A10918 /* InfoPlist.strings */; };
		25791D7B185ADB9F00A10918 /* TodoListTests.m in Sources */ = {isa = PBXBuildFile; fileRef = 25791D7A185ADB9F00A10918 /* TodoListTests.m */; };
		25791D85185ADBAD00A10918 /* Main.storyboard in Resources */ = {isa = PBXBuildFile; fileRef = 25791D84185ADBAD00A10918 /* Main.storyboard */; };
		25791D88185AE5A100A10918 /* BWListViewController.m in Sources */ = {isa = PBXBuildFile; fileRef = 25791D87185AE5A100A10918 /* BWListViewController.m */; };
		25791D8B185AE5D500A10918 /* BWAddViewController.m in Sources */ = {isa = PBXBuildFile; fileRef = 25791D8A185AE5D500A10918 /* BWAddViewController.m */; };
		25791D8E185AEA1C00A10918 /* BWItem.m in Sources */ = {isa = PBXBuildFile; fileRef = 25791D8D185AEA1C00A10918 /* BWItem.m */; };
		59C91CA20C6000EFF79B350A /* BWDBManager.m in Sources */ = {isa = PBXBuildFile; fileRef = 59C91EF2D699DFD9FDEAA22B /* BWDBManager.m */; };
/* End PBXBuildFile section */

/* Begin PBXContainerItemProxy section */
		25791D72185ADB9F00A10918 /* PBXContainerItemProxy */ = {
			isa = PBXContainerItemProxy;
			containerPortal = 25791D4A185ADB9F00A10918 /* Project object */;
			proxyType = 1;
			remoteGlobalIDString = 25791D51185ADB9F00A10918;
			remoteInfo = TodoList;
		};
/* End PBXContainerItemProxy section */

/* Begin PBXFileReference section */
		256FE5141869347700631069 /* libsqlite3.dylib */ = {isa = PBXFileReference; lastKnownFileType = "compiled.mach-o.dylib"; name = libsqlite3.dylib; path = usr/lib/libsqlite3.dylib; sourceTree = SDKROOT; };
		256FE55918697A7D00631069 /* libsqlite3.0.dylib */ = {isa = PBXFileReference; lastKnownFileType = "compiled.mach-o.dylib"; name = libsqlite3.0.dylib; path = usr/lib/libsqlite3.0.dylib; sourceTree = SDKROOT; };
		25791D52185ADB9F00A10918 /* joinme.app */ = {isa = PBXFileReference; explicitFileType = wrapper.application; includeInIndex = 0; path = joinme.app; sourceTree = BUILT_PRODUCTS_DIR; };
		25791D55185ADB9F00A10918 /* Foundation.framework */ = {isa = PBXFileReference; lastKnownFileType = wrapper.framework; name = Foundation.framework; path = System/Library/Frameworks/Foundation.framework; sourceTree = SDKROOT; };
		25791D57185ADB9F00A10918 /* CoreGraphics.framework */ = {isa = PBXFileReference; lastKnownFileType = wrapper.framework; name = CoreGraphics.framework; path = System/Library/Frameworks/CoreGraphics.framework; sourceTree = SDKROOT; };
		25791D59185ADB9F00A10918 /* UIKit.framework */ = {isa = PBXFileReference; lastKnownFileType = wrapper.framework; name = UIKit.framework; path = System/Library/Frameworks/UIKit.framework; sourceTree = SDKROOT; };
		25791D5D185ADB9F00A10918 /* joinme-Info.plist */ = {isa = PBXFileReference; lastKnownFileType = text.plist.xml; path = "joinme-Info.plist"; sourceTree = "<group>"; };
		25791D5F185ADB9F00A10918 /* en */ = {isa = PBXFileReference; lastKnownFileType = text.plist.strings; name = en; path = en.lproj/InfoPlist.strings; sourceTree = "<group>"; };
		25791D61185ADB9F00A10918 /* main.m */ = {isa = PBXFileReference; lastKnownFileType = sourcecode.c.objc; path = main.m; sourceTree = "<group>"; };
		25791D63185ADB9F00A10918 /* joinme-Prefix.pch */ = {isa = PBXFileReference; lastKnownFileType = sourcecode.c.h; path = "joinme-Prefix.pch"; sourceTree = "<group>"; };
		25791D64185ADB9F00A10918 /* BWAppDelegate.h */ = {isa = PBXFileReference; lastKnownFileType = sourcecode.c.h; path = BWAppDelegate.h; sourceTree = "<group>"; };
		25791D65185ADB9F00A10918 /* BWAppDelegate.m */ = {isa = PBXFileReference; lastKnownFileType = sourcecode.c.objc; path = BWAppDelegate.m; sourceTree = "<group>"; };
		25791D67185ADB9F00A10918 /* Images.xcassets */ = {isa = PBXFileReference; lastKnownFileType = folder.assetcatalog; path = Images.xcassets; sourceTree = "<group>"; };
		25791D6D185ADB9F00A10918 /* joinmeTests.xctest */ = {isa = PBXFileReference; explicitFileType = wrapper.cfbundle; includeInIndex = 0; path = joinmeTests.xctest; sourceTree = BUILT_PRODUCTS_DIR; };
		25791D6E185ADB9F00A10918 /* XCTest.framework */ = {isa = PBXFileReference; lastKnownFileType = wrapper.framework; name = XCTest.framework; path = Library/Frameworks/XCTest.framework; sourceTree = DEVELOPER_DIR; };
		25791D76185ADB9F00A10918 /* joinmeTests-Info.plist */ = {isa = PBXFileReference; lastKnownFileType = text.plist.xml; path = "joinmeTests-Info.plist"; sourceTree = "<group>"; };
		25791D78185ADB9F00A10918 /* en */ = {isa = PBXFileReference; lastKnownFileType = text.plist.strings; name = en; path = en.lproj/InfoPlist.strings; sourceTree = "<group>"; };
		25791D7A185ADB9F00A10918 /* TodoListTests.m */ = {isa = PBXFileReference; lastKnownFileType = sourcecode.c.objc; path = TodoListTests.m; sourceTree = "<group>"; };
		25791D84185ADBAD00A10918 /* Main.storyboard */ = {isa = PBXFileReference; fileEncoding = 4; lastKnownFileType = file.storyboard; path = Main.storyboard; sourceTree = "<group>"; };
		25791D86185AE5A100A10918 /* BWListViewController.h */ = {isa = PBXFileReference; fileEncoding = 4; lastKnownFileType = sourcecode.c.h; path = BWListViewController.h; sourceTree = "<group>"; };
		25791D87185AE5A100A10918 /* BWListViewController.m */ = {isa = PBXFileReference; fileEncoding = 4; lastKnownFileType = sourcecode.c.objc; path = BWListViewController.m; sourceTree = "<group>"; };
		25791D89185AE5D500A10918 /* BWAddViewController.h */ = {isa = PBXFileReference; fileEncoding = 4; lastKnownFileType = sourcecode.c.h; path = BWAddViewController.h; sourceTree = "<group>"; };
		25791D8A185AE5D500A10918 /* BWAddViewController.m */ = {isa = PBXFileReference; fileEncoding = 4; lastKnownFileType = sourcecode.c.objc; path = BWAddViewController.m; sourceTree = "<group>"; };
		25791D8C185AEA1C00A10918 /* BWItem.h */ = {isa = PBXFileReference; fileEncoding = 4; lastKnownFileType = sourcecode.c.h; path = BWItem.h; sourceTree = "<group>"; };
		25791D8D185AEA1C00A10918 /* BWItem.m */ = {isa = PBXFileReference; fileEncoding = 4; lastKnownFileType = sourcecode.c.objc; path = BWItem.m; sourceTree = "<group>"; };
		59C91CCA5F2E398A05FF5413 /* BWDBManager.h */ = {isa = PBXFileReference; fileEncoding = 4; lastKnownFileType = sourcecode.c.h; path = BWDBManager.h; sourceTree = "<group>"; };
		59C91EF2D699DFD9FDEAA22B /* BWDBManager.m */ = {isa = PBXFileReference; fileEncoding = 4; lastKnownFileType = sourcecode.c.objc; path = BWDBManager.m; sourceTree = "<group>"; };
/* End PBXFileReference section */

/* Begin PBXFrameworksBuildPhase section */
		25791D4F185ADB9F00A10918 /* Frameworks */ = {
			isa = PBXFrameworksBuildPhase;
			buildActionMask = 2147483647;
			files = (
				256FE55A18697A7D00631069 /* libsqlite3.0.dylib in Frameworks */,
				25791D58185ADB9F00A10918 /* CoreGraphics.framework in Frameworks */,
				25791D5A185ADB9F00A10918 /* UIKit.framework in Frameworks */,
				25791D56185ADB9F00A10918 /* Foundation.framework in Frameworks */,
			);
			runOnlyForDeploymentPostprocessing = 0;
		};
		25791D6A185ADB9F00A10918 /* Frameworks */ = {
			isa = PBXFrameworksBuildPhase;
			buildActionMask = 2147483647;
			files = (
				25791D6F185ADB9F00A10918 /* XCTest.framework in Frameworks */,
				25791D71185ADB9F00A10918 /* UIKit.framework in Frameworks */,
				25791D70185ADB9F00A10918 /* Foundation.framework in Frameworks */,
			);
			runOnlyForDeploymentPostprocessing = 0;
		};
/* End PBXFrameworksBuildPhase section */

/* Begin PBXGroup section */
		25791D49185ADB9F00A10918 = {
			isa = PBXGroup;
			children = (
				25791D5B185ADB9F00A10918 /* joinme */,
				25791D74185ADB9F00A10918 /* joinmeTests */,
				25791D54185ADB9F00A10918 /* Frameworks */,
				25791D53185ADB9F00A10918 /* Products */,
			);
			sourceTree = "<group>";
		};
		25791D53185ADB9F00A10918 /* Products */ = {
			isa = PBXGroup;
			children = (
				25791D52185ADB9F00A10918 /* joinme.app */,
				25791D6D185ADB9F00A10918 /* joinmeTests.xctest */,
			);
			name = Products;
			sourceTree = "<group>";
		};
		25791D54185ADB9F00A10918 /* Frameworks */ = {
			isa = PBXGroup;
			children = (
				256FE55918697A7D00631069 /* libsqlite3.0.dylib */,
				256FE5141869347700631069 /* libsqlite3.dylib */,
				25791D55185ADB9F00A10918 /* Foundation.framework */,
				25791D57185ADB9F00A10918 /* CoreGraphics.framework */,
				25791D59185ADB9F00A10918 /* UIKit.framework */,
				25791D6E185ADB9F00A10918 /* XCTest.framework */,
			);
			name = Frameworks;
			sourceTree = "<group>";
		};
		25791D5B185ADB9F00A10918 /* joinme */ = {
			isa = PBXGroup;
			children = (
				25791D64185ADB9F00A10918 /* BWAppDelegate.h */,
				25791D65185ADB9F00A10918 /* BWAppDelegate.m */,
				25791D8C185AEA1C00A10918 /* BWItem.h */,
				25791D8D185AEA1C00A10918 /* BWItem.m */,
				25791D84185ADBAD00A10918 /* Main.storyboard */,
				25791D89185AE5D500A10918 /* BWAddViewController.h */,
				25791D8A185AE5D500A10918 /* BWAddViewController.m */,
				25791D86185AE5A100A10918 /* BWListViewController.h */,
				25791D87185AE5A100A10918 /* BWListViewController.m */,
				59C91CCA5F2E398A05FF5413 /* BWDBManager.h */,
				59C91EF2D699DFD9FDEAA22B /* BWDBManager.m */,
				25791D67185ADB9F00A10918 /* Images.xcassets */,
				25791D5C185ADB9F00A10918 /* Supporting Files */,
			);
			name = joinme;
			path = TodoList;
			sourceTree = "<group>";
		};
		25791D5C185ADB9F00A10918 /* Supporting Files */ = {
			isa = PBXGroup;
			children = (
				25791D5D185ADB9F00A10918 /* joinme-Info.plist */,
				25791D5E185ADB9F00A10918 /* InfoPlist.strings */,
				25791D61185ADB9F00A10918 /* main.m */,
				25791D63185ADB9F00A10918 /* joinme-Prefix.pch */,
			);
			name = "Supporting Files";
			sourceTree = "<group>";
		};
		25791D74185ADB9F00A10918 /* joinmeTests */ = {
			isa = PBXGroup;
			children = (
				25791D7A185ADB9F00A10918 /* TodoListTests.m */,
				25791D75185ADB9F00A10918 /* Supporting Files */,
			);
			name = joinmeTests;
			path = TodoListTests;
			sourceTree = "<group>";
		};
		25791D75185ADB9F00A10918 /* Supporting Files */ = {
			isa = PBXGroup;
			children = (
				25791D76185ADB9F00A10918 /* joinmeTests-Info.plist */,
				25791D77185ADB9F00A10918 /* InfoPlist.strings */,
			);
			name = "Supporting Files";
			sourceTree = "<group>";
		};
/* End PBXGroup section */

/* Begin PBXNativeTarget section */
		25791D51185ADB9F00A10918 /* joinme */ = {
			isa = PBXNativeTarget;
			buildConfigurationList = 25791D7E185ADB9F00A10918 /* Build configuration list for PBXNativeTarget "joinme" */;
			buildPhases = (
				25791D4E185ADB9F00A10918 /* Sources */,
				25791D4F185ADB9F00A10918 /* Frameworks */,
				25791D50185ADB9F00A10918 /* Resources */,
			);
			buildRules = (
			);
			dependencies = (
			);
			name = joinme;
			productName = TodoList;
			productReference = 25791D52185ADB9F00A10918 /* joinme.app */;
			productType = "com.apple.product-type.application";
		};
		25791D6C185ADB9F00A10918 /* joinmeTests */ = {
			isa = PBXNativeTarget;
			buildConfigurationList = 25791D81185ADB9F00A10918 /* Build configuration list for PBXNativeTarget "joinmeTests" */;
			buildPhases = (
				25791D69185ADB9F00A10918 /* Sources */,
				25791D6A185ADB9F00A10918 /* Frameworks */,
				25791D6B185ADB9F00A10918 /* Resources */,
			);
			buildRules = (
			);
			dependencies = (
				25791D73185ADB9F00A10918 /* PBXTargetDependency */,
			);
			name = joinmeTests;
			productName = TodoListTests;
			productReference = 25791D6D185ADB9F00A10918 /* joinmeTests.xctest */;
			productType = "com.apple.product-type.bundle.unit-test";
		};
/* End PBXNativeTarget section */

/* Begin PBXProject section */
		25791D4A185ADB9F00A10918 /* Project object */ = {
			isa = PBXProject;
			attributes = {
				CLASSPREFIX = BW;
				LastUpgradeCheck = 0500;
				ORGANIZATIONNAME = bwang;
				TargetAttributes = {
					25791D6C185ADB9F00A10918 = {
						TestTargetID = 25791D51185ADB9F00A10918;
					};
				};
			};
			buildConfigurationList = 25791D4D185ADB9F00A10918 /* Build configuration list for PBXProject "joinme" */;
			compatibilityVersion = "Xcode 3.2";
			developmentRegion = English;
			hasScannedForEncodings = 0;
			knownRegions = (
				en,
			);
			mainGroup = 25791D49185ADB9F00A10918;
			productRefGroup = 25791D53185ADB9F00A10918 /* Products */;
			projectDirPath = "";
			projectRoot = "";
			targets = (
				25791D51185ADB9F00A10918 /* joinme */,
				25791D6C185ADB9F00A10918 /* joinmeTests */,
			);
		};
/* End PBXProject section */

/* Begin PBXResourcesBuildPhase section */
		25791D50185ADB9F00A10918 /* Resources */ = {
			isa = PBXResourcesBuildPhase;
			buildActionMask = 2147483647;
			files = (
				25791D85185ADBAD00A10918 /* Main.storyboard in Resources */,
				25791D60185ADB9F00A10918 /* InfoPlist.strings in Resources */,
				25791D68185ADB9F00A10918 /* Images.xcassets in Resources */,
			);
			runOnlyForDeploymentPostprocessing = 0;
		};
		25791D6B185ADB9F00A10918 /* Resources */ = {
			isa = PBXResourcesBuildPhase;
			buildActionMask = 2147483647;
			files = (
				25791D79185ADB9F00A10918 /* InfoPlist.strings in Resources */,
			);
			runOnlyForDeploymentPostprocessing = 0;
		};
/* End PBXResourcesBuildPhase section */

/* Begin PBXSourcesBuildPhase section */
		25791D4E185ADB9F00A10918 /* Sources */ = {
			isa = PBXSourcesBuildPhase;
			buildActionMask = 2147483647;
			files = (
				25791D62185ADB9F00A10918 /* main.m in Sources */,
				25791D8B185AE5D500A10918 /* BWAddViewController.m in Sources */,
				25791D66185ADB9F00A10918 /* BWAppDelegate.m in Sources */,
				25791D88185AE5A100A10918 /* BWListViewController.m in Sources */,
				25791D8E185AEA1C00A10918 /* BWItem.m in Sources */,
				59C91CA20C6000EFF79B350A /* BWDBManager.m in Sources */,
			);
			runOnlyForDeploymentPostprocessing = 0;
		};
		25791D69185ADB9F00A10918 /* Sources */ = {
			isa = PBXSourcesBuildPhase;
			buildActionMask = 2147483647;
			files = (
				25791D7B185ADB9F00A10918 /* TodoListTests.m in Sources */,
			);
			runOnlyForDeploymentPostprocessing = 0;
		};
/* End PBXSourcesBuildPhase section */

/* Begin PBXTargetDependency section */
		25791D73185ADB9F00A10918 /* PBXTargetDependency */ = {
			isa = PBXTargetDependency;
			target = 25791D51185ADB9F00A10918 /* joinme */;
			targetProxy = 25791D72185ADB9F00A10918 /* PBXContainerItemProxy */;
		};
/* End PBXTargetDependency section */

/* Begin PBXVariantGroup section */
		25791D5E185ADB9F00A10918 /* InfoPlist.strings */ = {
			isa = PBXVariantGroup;
			children = (
				25791D5F185ADB9F00A10918 /* en */,
			);
			name = InfoPlist.strings;
			sourceTree = "<group>";
		};
		25791D77185ADB9F00A10918 /* InfoPlist.strings */ = {
			isa = PBXVariantGroup;
			children = (
				25791D78185ADB9F00A10918 /* en */,
			);
			name = InfoPlist.strings;
			sourceTree = "<group>";
		};
/* End PBXVariantGroup section */

/* Begin XCBuildConfiguration section */
		25791D7C185ADB9F00A10918 /* Debug */ = {
			isa = XCBuildConfiguration;
			buildSettings = {
				ALWAYS_SEARCH_USER_PATHS = NO;
				ARCHS = "$(ARCHS_STANDARD_INCLUDING_64_BIT)";
				CLANG_CXX_LANGUAGE_STANDARD = "gnu++0x";
				CLANG_CXX_LIBRARY = "libc++";
				CLANG_ENABLE_MODULES = YES;
				CLANG_ENABLE_OBJC_ARC = YES;
				CLANG_WARN_BOOL_CONVERSION = YES;
				CLANG_WARN_CONSTANT_CONVERSION = YES;
				CLANG_WARN_DIRECT_OBJC_ISA_USAGE = YES_ERROR;
				CLANG_WARN_EMPTY_BODY = YES;
				CLANG_WARN_ENUM_CONVERSION = YES;
				CLANG_WARN_INT_CONVERSION = YES;
				CLANG_WARN_OBJC_ROOT_CLASS = YES_ERROR;
				CLANG_WARN__DUPLICATE_METHOD_MATCH = YES;
				"CODE_SIGN_IDENTITY[sdk=iphoneos*]" = "iPhone Developer";
				COPY_PHASE_STRIP = NO;
				GCC_C_LANGUAGE_STANDARD = gnu99;
				GCC_DYNAMIC_NO_PIC = NO;
				GCC_OPTIMIZATION_LEVEL = 0;
				GCC_PREPROCESSOR_DEFINITIONS = (
					"DEBUG=1",
					"$(inherited)",
				);
				GCC_SYMBOLS_PRIVATE_EXTERN = NO;
				GCC_WARN_64_TO_32_BIT_CONVERSION = YES;
				GCC_WARN_ABOUT_RETURN_TYPE = YES_ERROR;
				GCC_WARN_UNDECLARED_SELECTOR = YES;
				GCC_WARN_UNINITIALIZED_AUTOS = YES;
				GCC_WARN_UNUSED_FUNCTION = YES;
				GCC_WARN_UNUSED_VARIABLE = YES;
				IPHONEOS_DEPLOYMENT_TARGET = 7.0;
				ONLY_ACTIVE_ARCH = YES;
				SDKROOT = iphoneos;
			};
			name = Debug;
		};
		25791D7D185ADB9F00A10918 /* Release */ = {
			isa = XCBuildConfiguration;
			buildSettings = {
				ALWAYS_SEARCH_USER_PATHS = NO;
				ARCHS = "$(ARCHS_STANDARD_INCLUDING_64_BIT)";
				CLANG_CXX_LANGUAGE_STANDARD = "gnu++0x";
				CLANG_CXX_LIBRARY = "libc++";
				CLANG_ENABLE_MODULES = YES;
				CLANG_ENABLE_OBJC_ARC = YES;
				CLANG_WARN_BOOL_CONVERSION = YES;
				CLANG_WARN_CONSTANT_CONVERSION = YES;
				CLANG_WARN_DIRECT_OBJC_ISA_USAGE = YES_ERROR;
				CLANG_WARN_EMPTY_BODY = YES;
				CLANG_WARN_ENUM_CONVERSION = YES;
				CLANG_WARN_INT_CONVERSION = YES;
				CLANG_WARN_OBJC_ROOT_CLASS = YES_ERROR;
				CLANG_WARN__DUPLICATE_METHOD_MATCH = YES;
				"CODE_SIGN_IDENTITY[sdk=iphoneos*]" = "iPhone Developer";
				COPY_PHASE_STRIP = YES;
				ENABLE_NS_ASSERTIONS = NO;
				GCC_C_LANGUAGE_STANDARD = gnu99;
				GCC_WARN_64_TO_32_BIT_CONVERSION = YES;
				GCC_WARN_ABOUT_RETURN_TYPE = YES_ERROR;
				GCC_WARN_UNDECLARED_SELECTOR = YES;
				GCC_WARN_UNINITIALIZED_AUTOS = YES;
				GCC_WARN_UNUSED_FUNCTION = YES;
				GCC_WARN_UNUSED_VARIABLE = YES;
				IPHONEOS_DEPLOYMENT_TARGET = 7.0;
				SDKROOT = iphoneos;
				VALIDATE_PRODUCT = YES;
			};
			name = Release;
		};
		25791D7F185ADB9F00A10918 /* Debug */ = {
			isa = XCBuildConfiguration;
			buildSettings = {
				ASSETCATALOG_COMPILER_APPICON_NAME = AppIcon;
				ASSETCATALOG_COMPILER_LAUNCHIMAGE_NAME = LaunchImage;
				GCC_PRECOMPILE_PREFIX_HEADER = YES;
				GCC_PREFIX_HEADER = "TodoList/joinme-Prefix.pch";
				INFOPLIST_FILE = "TodoList/joinme-Info.plist";
				PRODUCT_NAME = joinme;
				TARGETED_DEVICE_FAMILY = 1;
				WRAPPER_EXTENSION = app;
			};
			name = Debug;
		};
		25791D80185ADB9F00A10918 /* Release */ = {
			isa = XCBuildConfiguration;
			buildSettings = {
				ASSETCATALOG_COMPILER_APPICON_NAME = AppIcon;
				ASSETCATALOG_COMPILER_LAUNCHIMAGE_NAME = LaunchImage;
				GCC_PRECOMPILE_PREFIX_HEADER = YES;
				GCC_PREFIX_HEADER = "TodoList/joinme-Prefix.pch";
				INFOPLIST_FILE = "TodoList/joinme-Info.plist";
				PRODUCT_NAME = joinme;
				TARGETED_DEVICE_FAMILY = 1;
				WRAPPER_EXTENSION = app;
			};
			name = Release;
		};
		25791D82185ADB9F00A10918 /* Debug */ = {
			isa = XCBuildConfiguration;
			buildSettings = {
				ARCHS = "$(ARCHS_STANDARD_INCLUDING_64_BIT)";
				BUNDLE_LOADER = "$(BUILT_PRODUCTS_DIR)/joinme.app/joinme";
				FRAMEWORK_SEARCH_PATHS = (
					"$(SDKROOT)/Developer/Library/Frameworks",
					"$(inherited)",
					"$(DEVELOPER_FRAMEWORKS_DIR)",
				);
				GCC_PRECOMPILE_PREFIX_HEADER = YES;
				GCC_PREFIX_HEADER = "TodoList/TodoList-Prefix.pch";
				GCC_PREPROCESSOR_DEFINITIONS = (
					"DEBUG=1",
					"$(inherited)",
				);
				INFOPLIST_FILE = "TodoListTests/joinmeTests-Info.plist";
				PRODUCT_NAME = joinmeTests;
				TEST_HOST = "$(BUNDLE_LOADER)";
				WRAPPER_EXTENSION = xctest;
			};
			name = Debug;
		};
		25791D83185ADB9F00A10918 /* Release */ = {
			isa = XCBuildConfiguration;
			buildSettings = {
				ARCHS = "$(ARCHS_STANDARD_INCLUDING_64_BIT)";
				BUNDLE_LOADER = "$(BUILT_PRODUCTS_DIR)/joinme.app/joinme";
				FRAMEWORK_SEARCH_PATHS = (
					"$(SDKROOT)/Developer/Library/Frameworks",
					"$(inherited)",
					"$(DEVELOPER_FRAMEWORKS_DIR)",
				);
				GCC_PRECOMPILE_PREFIX_HEADER = YES;
				GCC_PREFIX_HEADER = "TodoList/TodoList-Prefix.pch";
				INFOPLIST_FILE = "TodoListTests/joinmeTests-Info.plist";
				PRODUCT_NAME = joinmeTests;
				TEST_HOST = "$(BUNDLE_LOADER)";
				WRAPPER_EXTENSION = xctest;
			};
			name = Release;
		};
/* End XCBuildConfiguration section */

/* Begin XCConfigurationList section */
		25791D4D185ADB9F00A10918 /* Build configuration list for PBXProject "joinme" */ = {
			isa = XCConfigurationList;
			buildConfigurations = (
				25791D7C185ADB9F00A10918 /* Debug */,
				25791D7D185ADB9F00A10918 /* Release */,
			);
			defaultConfigurationIsVisible = 0;
			defaultConfigurationName = Release;
		};
		25791D7E185ADB9F00A10918 /* Build configuration list for PBXNativeTarget "joinme" */ = {
			isa = XCConfigurationList;
			buildConfigurations = (
				25791D7F185ADB9F00A10918 /* Debug */,
				25791D80185ADB9F00A10918 /* Release */,
			);
			defaultConfigurationIsVisible = 0;
			defaultConfigurationName = Release;
		};
		25791D81185ADB9F00A10918 /* Build configuration list for PBXNativeTarget "joinmeTests" */ = {
			isa = XCConfigurationList;
			buildConfigurations = (
				25791D82185ADB9F00A10918 /* Debug */,
				25791D83185ADB9F00A10918 /* Release */,
			);
			defaultConfigurationIsVisible = 0;
			defaultConfigurationName = Release;
		};
/* End XCConfigurationList section */
	};
	rootObject = 25791D4A185ADB9F00A10918 /* Project object */;
}
